
Microsoft Visual Studio Solution File, Format Version 12.00
# Visual Studio 15
VisualStudioVersion = 15.0.26124.0
MinimumVisualStudioVersion = 15.0.26124.0
Project("{2150E333-8FDC-42A3-9474-1A3956D46DE8}") = "src", "src", "{64D92A34-EBFB-43DD-BC1A-ED3D4294F054}"
EndProject
Project("{FAE04EC0-301F-11D3-BF4B-00C04F79EFBC}") = "GradeBook", "src\GradeBook\GradeBook.csproj", "{E48E26D7-B7A2-4E6E-813E-564375050517}"
EndProject
Project("{2150E333-8FDC-42A3-9474-1A3956D46DE8}") = "test", "test", "{A8E8B5AF-024B-4A42-9464-0441E51D8A75}"
EndProject
Project("{FAE04EC0-301F-11D3-BF4B-00C04F79EFBC}") = "GradeBook.Tests", "test\GradeBook.Tests\GradeBook.Tests.csproj", "{6044A9CF-73CA-4324-B2F0-847339683246}"
EndProject
Global
	GlobalSection(SolutionConfigurationPlatforms) = preSolution
		Debug|Any CPU = Debug|Any CPU
		Debug|x64 = Debug|x64
		Debug|x86 = Debug|x86
		Release|Any CPU = Release|Any CPU
		Release|x64 = Release|x64
		Release|x86 = Release|x86
	EndGlobalSection
	GlobalSection(SolutionProperties) = preSolution
		HideSolutionNode = FALSE
	EndGlobalSection
	GlobalSection(ProjectConfigurationPlatforms) = postSolution
		{E48E26D7-B7A2-4E6E-813E-564375050517}.Debug|Any CPU.ActiveCfg = Debug|Any CPU
		{E48E26D7-B7A2-4E6E-813E-564375050517}.Debug|Any CPU.Build.0 = Debug|Any CPU
		{E48E26D7-B7A2-4E6E-813E-564375050517}.Debug|x64.ActiveCfg = Debug|Any CPU
		{E48E26D7-B7A2-4E6E-813E-564375050517}.Debug|x64.Build.0 = Debug|Any CPU
		{E48E26D7-B7A2-4E6E-813E-564375050517}.Debug|x86.ActiveCfg = Debug|Any CPU
		{E48E26D7-B7A2-4E6E-813E-564375050517}.Debug|x86.Build.0 = Debug|Any CPU
		{E48E26D7-B7A2-4E6E-813E-564375050517}.Release|Any CPU.ActiveCfg = Release|Any CPU
		{E48E26D7-B7A2-4E6E-813E-564375050517}.Release|Any CPU.Build.0 = Release|Any CPU
		{E48E26D7-B7A2-4E6E-813E-564375050517}.Release|x64.ActiveCfg = Release|Any CPU
		{E48E26D7-B7A2-4E6E-813E-564375050517}.Release|x64.Build.0 = Release|Any CPU
		{E48E26D7-B7A2-4E6E-813E-564375050517}.Release|x86.ActiveCfg = Release|Any CPU
		{E48E26D7-B7A2-4E6E-813E-564375050517}.Release|x86.Build.0 = Release|Any CPU
		{6044A9CF-73CA-4324-B2F0-847339683246}.Debug|Any CPU.ActiveCfg = Debug|Any CPU
		{6044A9CF-73CA-4324-B2F0-847339683246}.Debug|Any CPU.Build.0 = Debug|Any CPU
		{6044A9CF-73CA-4324-B2F0-847339683246}.Debug|x64.ActiveCfg = Debug|Any CPU
		{6044A9CF-73CA-4324-B2F0-847339683246}.Debug|x64.Build.0 = Debug|Any CPU
		{6044A9CF-73CA-4324-B2F0-847339683246}.Debug|x86.ActiveCfg = Debug|Any CPU
		{6044A9CF-73CA-4324-B2F0-847339683246}.Debug|x86.Build.0 = Debug|Any CPU
		{6044A9CF-73CA-4324-B2F0-847339683246}.Release|Any CPU.ActiveCfg = Release|Any CPU
		{6044A9CF-73CA-4324-B2F0-847339683246}.Release|Any CPU.Build.0 = Release|Any CPU
		{6044A9CF-73CA-4324-B2F0-847339683246}.Release|x64.ActiveCfg = Release|Any CPU
		{6044A9CF-73CA-4324-B2F0-847339683246}.Release|x64.Build.0 = Release|Any CPU
		{6044A9CF-73CA-4324-B2F0-847339683246}.Release|x86.ActiveCfg = Release|Any CPU
		{6044A9CF-73CA-4324-B2F0-847339683246}.Release|x86.Build.0 = Release|Any CPU
	EndGlobalSection
	GlobalSection(NestedProjects) = preSolution
		{E48E26D7-B7A2-4E6E-813E-564375050517} = {64D92A34-EBFB-43DD-BC1A-ED3D4294F054}
		{6044A9CF-73CA-4324-B2F0-847339683246} = {A8E8B5AF-024B-4A42-9464-0441E51D8A75}
	EndGlobalSection
EndGlobal
